{
  "name": "cross-prune",
  "version": "0.1.0",
  "lockfileVersion": 3,
  "requires": true,
  "packages": {
    "": {
      "name": "cross-prune",
      "version": "0.1.0",
      "license": "MIT",
      "bin": {
        "cross-prune": "bin/cross-prune.js"
      },
      "devDependencies": {
        "gpt-tokenizer": "^3.4.0"
      }
    },
    "node_modules/gpt-tokenizer": {
      "version": "3.4.0",
      "resolved": "https://registry.npmjs.org/gpt-tokenizer/-/gpt-tokenizer-3.4.0.tgz",
      "integrity": "sha512-wxFLnhIXTDjYebd9A9pGl3e31ZpSypbpIJSOswbgop5jLte/AsZVDvjlbEuVFlsqZixVKqbcoNmRlFDf6pz/UQ==",
      "dev": true,
      "license": "MIT"
    }
  }
}
